{
  "version": 4,
  "terraform_version": "1.1.8",
  "serial": 2726,
  "lineage": "4f3e2d7a-3cf6-6512-2819-b7ae86339df7",
  "outputs": {},
  "resources": [
    {
      "mode": "managed",
      "type": "google_compute_firewall",
      "name": "allow-icmp-trafic-vpc1",
      "provider": "provider[\"registry.terraform.io/hashicorp/google\"]",
      "instances": [
        {
          "schema_version": 1,
          "attributes": {
            "allow": [
              {
                "ports": [],
                "protocol": "icmp"
              }
            ],
            "creation_timestamp": "2022-07-15T04:02:47.292-07:00",
            "deny": [],
            "description": "",
            "destination_ranges": [],
            "direction": "INGRESS",
            "disabled": false,
            "enable_logging": null,
            "id": "projects/learn-cloud-1989/global/firewalls/allow-icmp-trafic-vpc1",
            "log_config": [
              {
                "metadata": "INCLUDE_ALL_METADATA"
              }
            ],
            "name": "allow-icmp-trafic-vpc1",
            "network": "https://www.googleapis.com/compute/v1/projects/learn-cloud-1989/global/networks/learn-cloud-1989-vpc1",
            "priority": 1000,
            "project": "learn-cloud-1989",
            "self_link": "https://www.googleapis.com/compute/v1/projects/learn-cloud-1989/global/firewalls/allow-icmp-trafic-vpc1",
            "source_ranges": [
              "10.10.160.0/20",
              "10.11.160.0/20"
            ],
            "source_service_accounts": [],
            "source_tags": [
              "squidsrv"
            ],
            "target_service_accounts": [],
            "target_tags": [
              "testsrv"
            ],
            "timeouts": null
          },
          "sensitive_attributes": [],
          "private": "eyJlMmJmYjczMC1lY2FhLTExZTYtOGY4OC0zNDM2M2JjN2M0YzAiOnsiY3JlYXRlIjoyNDAwMDAwMDAwMDAsImRlbGV0ZSI6MjQwMDAwMDAwMDAwLCJ1cGRhdGUiOjI0MDAwMDAwMDAwMH0sInNjaGVtYV92ZXJzaW9uIjoiMSJ9",
          "dependencies": [
            "google_compute_network.learn-cloud-1989-vpc1"
          ]
        }
      ]
    },
    {
      "mode": "managed",
      "type": "google_compute_firewall",
      "name": "allow-icmp-trafic-vpc2",
      "provider": "provider[\"registry.terraform.io/hashicorp/google\"]",
      "instances": [
        {
          "schema_version": 1,
          "attributes": {
            "allow": [
              {
                "ports": [],
                "protocol": "icmp"
              }
            ],
            "creation_timestamp": "2022-07-15T04:02:58.390-07:00",
            "deny": [],
            "description": "",
            "destination_ranges": [],
            "direction": "INGRESS",
            "disabled": false,
            "enable_logging": null,
            "id": "projects/learn-cloud-1989/global/firewalls/allow-icmp-trafic-vpc2",
            "log_config": [
              {
                "metadata": "INCLUDE_ALL_METADATA"
              }
            ],
            "name": "allow-icmp-trafic-vpc2",
            "network": "https://www.googleapis.com/compute/v1/projects/learn-cloud-1989/global/networks/learn-cloud-1989-vpc2",
            "priority": 1000,
            "project": "learn-cloud-1989",
            "self_link": "https://www.googleapis.com/compute/v1/projects/learn-cloud-1989/global/firewalls/allow-icmp-trafic-vpc2",
            "source_ranges": [
              "10.10.160.0/20",
              "10.11.160.0/20"
            ],
            "source_service_accounts": [],
            "source_tags": [
              "testsrv"
            ],
            "target_service_accounts": [],
            "target_tags": [
              "squidsrv"
            ],
            "timeouts": null
          },
          "sensitive_attributes": [],
          "private": "eyJlMmJmYjczMC1lY2FhLTExZTYtOGY4OC0zNDM2M2JjN2M0YzAiOnsiY3JlYXRlIjoyNDAwMDAwMDAwMDAsImRlbGV0ZSI6MjQwMDAwMDAwMDAwLCJ1cGRhdGUiOjI0MDAwMDAwMDAwMH0sInNjaGVtYV92ZXJzaW9uIjoiMSJ9",
          "dependencies": [
            "google_compute_network.learn-cloud-1989-vpc2"
          ]
        }
      ]
    },
    {
      "mode": "managed",
      "type": "google_compute_firewall",
      "name": "enable-http-vpc1",
      "provider": "provider[\"registry.terraform.io/hashicorp/google\"]",
      "instances": [
        {
          "schema_version": 1,
          "attributes": {
            "allow": [
              {
                "ports": [
                  "80",
                  "443",
                  "9090"
                ],
                "protocol": "tcp"
              }
            ],
            "creation_timestamp": "2022-07-15T04:02:47.250-07:00",
            "deny": [],
            "description": "",
            "destination_ranges": [],
            "direction": "INGRESS",
            "disabled": false,
            "enable_logging": null,
            "id": "projects/learn-cloud-1989/global/firewalls/enable-http-vpc1",
            "log_config": [
              {
                "metadata": "INCLUDE_ALL_METADATA"
              }
            ],
            "name": "enable-http-vpc1",
            "network": "https://www.googleapis.com/compute/v1/projects/learn-cloud-1989/global/networks/learn-cloud-1989-vpc1",
            "priority": 1000,
            "project": "learn-cloud-1989",
            "self_link": "https://www.googleapis.com/compute/v1/projects/learn-cloud-1989/global/firewalls/enable-http-vpc1",
            "source_ranges": [
              "0.0.0.0/0",
              "10.10.160.0/20",
              "10.11.160.0/20"
            ],
            "source_service_accounts": [],
            "source_tags": [],
            "target_service_accounts": [],
            "target_tags": [],
            "timeouts": null
          },
          "sensitive_attributes": [],
          "private": "eyJlMmJmYjczMC1lY2FhLTExZTYtOGY4OC0zNDM2M2JjN2M0YzAiOnsiY3JlYXRlIjoyNDAwMDAwMDAwMDAsImRlbGV0ZSI6MjQwMDAwMDAwMDAwLCJ1cGRhdGUiOjI0MDAwMDAwMDAwMH0sInNjaGVtYV92ZXJzaW9uIjoiMSJ9",
          "dependencies": [
            "google_compute_network.learn-cloud-1989-vpc1"
          ]
        }
      ]
    },
    {
      "mode": "managed",
      "type": "google_compute_firewall",
      "name": "enable-http-vpc2",
      "provider": "provider[\"registry.terraform.io/hashicorp/google\"]",
      "instances": [
        {
          "schema_version": 1,
          "attributes": {
            "allow": [
              {
                "ports": [
                  "80",
                  "443",
                  "9090"
                ],
                "protocol": "tcp"
              }
            ],
            "creation_timestamp": "2022-07-15T04:02:58.497-07:00",
            "deny": [],
            "description": "",
            "destination_ranges": [],
            "direction": "INGRESS",
            "disabled": false,
            "enable_logging": null,
            "id": "projects/learn-cloud-1989/global/firewalls/enable-http-vpc2",
            "log_config": [
              {
                "metadata": "INCLUDE_ALL_METADATA"
              }
            ],
            "name": "enable-http-vpc2",
            "network": "https://www.googleapis.com/compute/v1/projects/learn-cloud-1989/global/networks/learn-cloud-1989-vpc2",
            "priority": 1000,
            "project": "learn-cloud-1989",
            "self_link": "https://www.googleapis.com/compute/v1/projects/learn-cloud-1989/global/firewalls/enable-http-vpc2",
            "source_ranges": [
              "0.0.0.0/0",
              "10.10.160.0/20",
              "10.11.160.0/20"
            ],
            "source_service_accounts": [],
            "source_tags": [],
            "target_service_accounts": [],
            "target_tags": [],
            "timeouts": null
          },
          "sensitive_attributes": [],
          "private": "eyJlMmJmYjczMC1lY2FhLTExZTYtOGY4OC0zNDM2M2JjN2M0YzAiOnsiY3JlYXRlIjoyNDAwMDAwMDAwMDAsImRlbGV0ZSI6MjQwMDAwMDAwMDAwLCJ1cGRhdGUiOjI0MDAwMDAwMDAwMH0sInNjaGVtYV92ZXJzaW9uIjoiMSJ9",
          "dependencies": [
            "google_compute_network.learn-cloud-1989-vpc2"
          ]
        }
      ]
    },
    {
      "mode": "managed",
      "type": "google_compute_firewall",
      "name": "enable-iap-vpc1",
      "provider": "provider[\"registry.terraform.io/hashicorp/google\"]",
      "instances": [
        {
          "schema_version": 1,
          "attributes": {
            "allow": [
              {
                "ports": [
                  "22",
                  "8080",
                  "8081",
                  "3128",
                  "10000"
                ],
                "protocol": "tcp"
              }
            ],
            "creation_timestamp": "2022-07-15T04:02:47.270-07:00",
            "deny": [],
            "description": "",
            "destination_ranges": [],
            "direction": "INGRESS",
            "disabled": false,
            "enable_logging": null,
            "id": "projects/learn-cloud-1989/global/firewalls/enable-iap-vpc1",
            "log_config": [
              {
                "metadata": "INCLUDE_ALL_METADATA"
              }
            ],
            "name": "enable-iap-vpc1",
            "network": "https://www.googleapis.com/compute/v1/projects/learn-cloud-1989/global/networks/learn-cloud-1989-vpc1",
            "priority": 1000,
            "project": "learn-cloud-1989",
            "self_link": "https://www.googleapis.com/compute/v1/projects/learn-cloud-1989/global/firewalls/enable-iap-vpc1",
            "source_ranges": [
              "35.235.240.0/20"
            ],
            "source_service_accounts": [],
            "source_tags": [
              "account"
            ],
            "target_service_accounts": [],
            "target_tags": [],
            "timeouts": null
          },
          "sensitive_attributes": [],
          "private": "eyJlMmJmYjczMC1lY2FhLTExZTYtOGY4OC0zNDM2M2JjN2M0YzAiOnsiY3JlYXRlIjoyNDAwMDAwMDAwMDAsImRlbGV0ZSI6MjQwMDAwMDAwMDAwLCJ1cGRhdGUiOjI0MDAwMDAwMDAwMH0sInNjaGVtYV92ZXJzaW9uIjoiMSJ9",
          "dependencies": [
            "google_compute_network.learn-cloud-1989-vpc1"
          ]
        }
      ]
    },
    {
      "mode": "managed",
      "type": "google_compute_firewall",
      "name": "enable-iap-vpc2",
      "provider": "provider[\"registry.terraform.io/hashicorp/google\"]",
      "instances": [
        {
          "schema_version": 1,
          "attributes": {
            "allow": [
              {
                "ports": [
                  "22",
                  "8080",
                  "8081",
                  "3128",
                  "10000"
                ],
                "protocol": "tcp"
              }
            ],
            "creation_timestamp": "2022-07-15T04:02:58.453-07:00",
            "deny": [],
            "description": "",
            "destination_ranges": [],
            "direction": "INGRESS",
            "disabled": false,
            "enable_logging": null,
            "id": "projects/learn-cloud-1989/global/firewalls/enable-iap-vpc2",
            "log_config": [
              {
                "metadata": "INCLUDE_ALL_METADATA"
              }
            ],
            "name": "enable-iap-vpc2",
            "network": "https://www.googleapis.com/compute/v1/projects/learn-cloud-1989/global/networks/learn-cloud-1989-vpc2",
            "priority": 1000,
            "project": "learn-cloud-1989",
            "self_link": "https://www.googleapis.com/compute/v1/projects/learn-cloud-1989/global/firewalls/enable-iap-vpc2",
            "source_ranges": [
              "35.235.240.0/20"
            ],
            "source_service_accounts": [],
            "source_tags": [
              "account"
            ],
            "target_service_accounts": [],
            "target_tags": [],
            "timeouts": null
          },
          "sensitive_attributes": [],
          "private": "eyJlMmJmYjczMC1lY2FhLTExZTYtOGY4OC0zNDM2M2JjN2M0YzAiOnsiY3JlYXRlIjoyNDAwMDAwMDAwMDAsImRlbGV0ZSI6MjQwMDAwMDAwMDAwLCJ1cGRhdGUiOjI0MDAwMDAwMDAwMH0sInNjaGVtYV92ZXJzaW9uIjoiMSJ9",
          "dependencies": [
            "google_compute_network.learn-cloud-1989-vpc2"
          ]
        }
      ]
    },
    {
      "mode": "managed",
      "type": "google_compute_instance",
      "name": "srv-WebSphere",
      "provider": "provider[\"registry.terraform.io/hashicorp/google\"]",
      "instances": [
        {
          "schema_version": 6,
          "attributes": {
            "allow_stopping_for_update": true,
            "attached_disk": [],
            "boot_disk": [
              {
                "auto_delete": true,
                "device_name": "persistent-disk-0",
                "disk_encryption_key_raw": "",
                "disk_encryption_key_sha256": "",
                "initialize_params": [
                  {
                    "image": "https://www.googleapis.com/compute/v1/projects/rhel-cloud/global/images/rhel-8-v20220519",
                    "labels": {},
                    "size": 20,
                    "type": "pd-standard"
                  }
                ],
                "kms_key_self_link": "",
                "mode": "READ_WRITE",
                "source": "https://www.googleapis.com/compute/v1/projects/learn-cloud-1989/zones/us-central1-a/disks/srv-websphere"
              }
            ],
            "can_ip_forward": true,
            "confidential_instance_config": [],
            "cpu_platform": "Intel Broadwell",
            "current_status": "RUNNING",
            "deletion_protection": false,
            "description": "",
            "desired_status": null,
            "enable_display": false,
            "guest_accelerator": [],
            "hostname": "",
            "id": "projects/learn-cloud-1989/zones/us-central1-a/instances/srv-websphere",
            "instance_id": "7237248320463137278",
            "label_fingerprint": "tWGliddkcAw=",
            "labels": {
              "dept": "account"
            },
            "machine_type": "e2-standard-4",
            "metadata": {
              "block-project-ssh-keys": "true",
              "enable-oslogin": "TRUE"
            },
            "metadata_fingerprint": "PIHB5_Ii_TQ=",
            "metadata_startup_script": "",
            "min_cpu_platform": "",
            "name": "srv-websphere",
            "network_interface": [
              {
                "access_config": [],
                "alias_ip_range": [],
                "name": "nic0",
                "network": "https://www.googleapis.com/compute/v1/projects/learn-cloud-1989/global/networks/learn-cloud-1989-vpc1",
                "network_ip": "10.10.160.6",
                "subnetwork": "https://www.googleapis.com/compute/v1/projects/learn-cloud-1989/regions/us-central1/subnetworks/us-central1-subnet-1",
                "subnetwork_project": "learn-cloud-1989"
              }
            ],
            "project": "learn-cloud-1989",
            "resource_policies": null,
            "scheduling": [
              {
                "automatic_restart": false,
                "node_affinities": [],
                "on_host_maintenance": "TERMINATE",
                "preemptible": true
              }
            ],
            "scratch_disk": [],
            "self_link": "https://www.googleapis.com/compute/v1/projects/learn-cloud-1989/zones/us-central1-a/instances/srv-websphere",
            "service_account": [
              {
                "email": "1028362908888-compute@developer.gserviceaccount.com",
                "scopes": [
                  "https://www.googleapis.com/auth/cloud-platform"
                ]
              }
            ],
            "shielded_instance_config": [
              {
                "enable_integrity_monitoring": true,
                "enable_secure_boot": false,
                "enable_vtpm": true
              }
            ],
            "tags": [
              "testsrv"
            ],
            "tags_fingerprint": "YeW1PoDQU7g=",
            "timeouts": null,
            "zone": "us-central1-a"
          },
          "sensitive_attributes": [],
          "private": "eyJlMmJmYjczMC1lY2FhLTExZTYtOGY4OC0zNDM2M2JjN2M0YzAiOnsiY3JlYXRlIjoxMjAwMDAwMDAwMDAwLCJkZWxldGUiOjEyMDAwMDAwMDAwMDAsInVwZGF0ZSI6MTIwMDAwMDAwMDAwMH0sInNjaGVtYV92ZXJzaW9uIjoiNiJ9",
          "dependencies": [
            "google_compute_network.learn-cloud-1989-vpc1",
            "google_compute_subnetwork.us-central1-subnet-1"
          ]
        }
      ]
    },
    {
      "mode": "managed",
      "type": "google_compute_instance",
      "name": "srv-ansible",
      "provider": "provider[\"registry.terraform.io/hashicorp/google\"]",
      "instances": [
        {
          "schema_version": 6,
          "attributes": {
            "allow_stopping_for_update": true,
            "attached_disk": [],
            "boot_disk": [
              {
                "auto_delete": true,
                "device_name": "persistent-disk-0",
                "disk_encryption_key_raw": "",
                "disk_encryption_key_sha256": "",
                "initialize_params": [
                  {
                    "image": "https://www.googleapis.com/compute/v1/projects/rhel-cloud/global/images/rhel-8-v20220519",
                    "labels": {},
                    "size": 20,
                    "type": "pd-standard"
                  }
                ],
                "kms_key_self_link": "",
                "mode": "READ_WRITE",
                "source": "https://www.googleapis.com/compute/v1/projects/learn-cloud-1989/zones/us-central1-a/disks/srv-ansible"
              }
            ],
            "can_ip_forward": true,
            "confidential_instance_config": [],
            "cpu_platform": "Unknown CPU Platform",
            "current_status": "TERMINATED",
            "deletion_protection": false,
            "description": "",
            "desired_status": null,
            "enable_display": false,
            "guest_accelerator": [],
            "hostname": "",
            "id": "projects/learn-cloud-1989/zones/us-central1-a/instances/srv-ansible",
            "instance_id": "3192752234286610308",
            "label_fingerprint": "tWGliddkcAw=",
            "labels": {
              "dept": "account"
            },
            "machine_type": "e2-standard-4",
            "metadata": {
              "block-project-ssh-keys": "true",
              "enable-oslogin": "TRUE"
            },
            "metadata_fingerprint": "TR77hkWG5BE=",
            "metadata_startup_script": "#! /bin/bash\nsudo su\nyum install java-11-openjdk-devel -y\n#update-alternatives --config java\nyum install wget -y\nwget -O /etc/yum.repos.d/jenkins.repo http://pkg.jenkins-ci.org/redhat-stable/jenkins.repo\nrpm --import https://pkg.jenkins.io/redhat-stable/jenkins.io.key\nyum repolist\nyum install jenkins -y\nfirewall-cmd --add-port=8080/tcp --permanent\nfirewall-cmd --reload\nsystemctl start service jenkins\n\nsudo yum install -y yum-utils\nsudo yum-config-manager --add-repo https://rpm.releases.hashicorp.com/RHEL/hashicorp.repo\nsudo yum -y install terraform",
            "min_cpu_platform": "",
            "name": "srv-ansible",
            "network_interface": [
              {
                "access_config": [],
                "alias_ip_range": [],
                "name": "nic0",
                "network": "https://www.googleapis.com/compute/v1/projects/learn-cloud-1989/global/networks/learn-cloud-1989-vpc1",
                "network_ip": "10.10.160.2",
                "subnetwork": "https://www.googleapis.com/compute/v1/projects/learn-cloud-1989/regions/us-central1/subnetworks/us-central1-subnet-1",
                "subnetwork_project": "learn-cloud-1989"
              }
            ],
            "project": "learn-cloud-1989",
            "resource_policies": [],
            "scheduling": [
              {
                "automatic_restart": false,
                "node_affinities": [],
                "on_host_maintenance": "TERMINATE",
                "preemptible": true
              }
            ],
            "scratch_disk": [],
            "self_link": "https://www.googleapis.com/compute/v1/projects/learn-cloud-1989/zones/us-central1-a/instances/srv-ansible",
            "service_account": [
              {
                "email": "1028362908888-compute@developer.gserviceaccount.com",
                "scopes": [
                  "https://www.googleapis.com/auth/cloud-platform"
                ]
              }
            ],
            "shielded_instance_config": [
              {
                "enable_integrity_monitoring": true,
                "enable_secure_boot": false,
                "enable_vtpm": true
              }
            ],
            "tags": [
              "testsrv"
            ],
            "tags_fingerprint": "YeW1PoDQU7g=",
            "timeouts": null,
            "zone": "us-central1-a"
          },
          "sensitive_attributes": [],
          "private": "eyJlMmJmYjczMC1lY2FhLTExZTYtOGY4OC0zNDM2M2JjN2M0YzAiOnsiY3JlYXRlIjoxMjAwMDAwMDAwMDAwLCJkZWxldGUiOjEyMDAwMDAwMDAwMDAsInVwZGF0ZSI6MTIwMDAwMDAwMDAwMH0sInNjaGVtYV92ZXJzaW9uIjoiNiJ9",
          "dependencies": [
            "google_compute_network.learn-cloud-1989-vpc1",
            "google_compute_subnetwork.us-central1-subnet-1"
          ]
        }
      ]
    },
    {
      "mode": "managed",
      "type": "google_compute_instance",
      "name": "srv-nexus",
      "provider": "provider[\"registry.terraform.io/hashicorp/google\"]",
      "instances": [
        {
          "schema_version": 6,
          "attributes": {
            "allow_stopping_for_update": true,
            "attached_disk": [],
            "boot_disk": [
              {
                "auto_delete": true,
                "device_name": "persistent-disk-0",
                "disk_encryption_key_raw": "",
                "disk_encryption_key_sha256": "",
                "initialize_params": [
                  {
                    "image": "https://www.googleapis.com/compute/v1/projects/rhel-cloud/global/images/rhel-8-v20220519",
                    "labels": {},
                    "size": 20,
                    "type": "pd-standard"
                  }
                ],
                "kms_key_self_link": "",
                "mode": "READ_WRITE",
                "source": "https://www.googleapis.com/compute/v1/projects/learn-cloud-1989/zones/us-central1-a/disks/srv-nexus"
              }
            ],
            "can_ip_forward": true,
            "confidential_instance_config": [],
            "cpu_platform": "Unknown CPU Platform",
            "current_status": "TERMINATED",
            "deletion_protection": false,
            "description": "",
            "desired_status": null,
            "enable_display": false,
            "guest_accelerator": [],
            "hostname": "",
            "id": "projects/learn-cloud-1989/zones/us-central1-a/instances/srv-nexus",
            "instance_id": "1796572573832378244",
            "label_fingerprint": "tWGliddkcAw=",
            "labels": {
              "dept": "account"
            },
            "machine_type": "e2-standard-4",
            "metadata": {
              "block-project-ssh-keys": "true",
              "enable-oslogin": "TRUE"
            },
            "metadata_fingerprint": "ssfG1yrWPjw=",
            "metadata_startup_script": "#! /bin/bash\nsudo su\nsudo yum install java-1.8.0-openjdk-devel -y\n#install required packages\nyum install -y yum-utils \\\ndevice-mapper-persistent-data \\\nlvm2\n#setup a stable repo\ndnf config-manager --add-repo=https://download.docker.com/linux/centos/docker-ce.repo\ndnf list docker-ce\n#install docker engine\ndnf install docker-ce --nobest -y\nsystemctl start docker\nsystemctl enable docker\n#dnf install curl -y\n\n#pull docker\ndocker pull sonatype/nexus3\ndocker images #check docker images\ndocker run -d -p 8081:8081 --name nexus 95e6b407572e\n\n#check passowrd\n# docker ps\n# docker exec -it 129639b86471 bash\n# cd nexus-data/\n# cat admin-password",
            "min_cpu_platform": "",
            "name": "srv-nexus",
            "network_interface": [
              {
                "access_config": [],
                "alias_ip_range": [],
                "name": "nic0",
                "network": "https://www.googleapis.com/compute/v1/projects/learn-cloud-1989/global/networks/learn-cloud-1989-vpc1",
                "network_ip": "10.10.160.3",
                "subnetwork": "https://www.googleapis.com/compute/v1/projects/learn-cloud-1989/regions/us-central1/subnetworks/us-central1-subnet-1",
                "subnetwork_project": "learn-cloud-1989"
              }
            ],
            "project": "learn-cloud-1989",
            "resource_policies": [],
            "scheduling": [
              {
                "automatic_restart": false,
                "node_affinities": [],
                "on_host_maintenance": "TERMINATE",
                "preemptible": true
              }
            ],
            "scratch_disk": [],
            "self_link": "https://www.googleapis.com/compute/v1/projects/learn-cloud-1989/zones/us-central1-a/instances/srv-nexus",
            "service_account": [
              {
                "email": "1028362908888-compute@developer.gserviceaccount.com",
                "scopes": [
                  "https://www.googleapis.com/auth/cloud-platform"
                ]
              }
            ],
            "shielded_instance_config": [
              {
                "enable_integrity_monitoring": true,
                "enable_secure_boot": false,
                "enable_vtpm": true
              }
            ],
            "tags": [
              "testsrv"
            ],
            "tags_fingerprint": "YeW1PoDQU7g=",
            "timeouts": null,
            "zone": "us-central1-a"
          },
          "sensitive_attributes": [],
          "private": "eyJlMmJmYjczMC1lY2FhLTExZTYtOGY4OC0zNDM2M2JjN2M0YzAiOnsiY3JlYXRlIjoxMjAwMDAwMDAwMDAwLCJkZWxldGUiOjEyMDAwMDAwMDAwMDAsInVwZGF0ZSI6MTIwMDAwMDAwMDAwMH0sInNjaGVtYV92ZXJzaW9uIjoiNiJ9",
          "dependencies": [
            "google_compute_network.learn-cloud-1989-vpc1",
            "google_compute_subnetwork.us-central1-subnet-1"
          ]
        }
      ]
    },
    {
      "mode": "managed",
      "type": "google_compute_instance",
      "name": "srv-nexus-man",
      "provider": "provider[\"registry.terraform.io/hashicorp/google\"]",
      "instances": [
        {
          "schema_version": 6,
          "attributes": {
            "allow_stopping_for_update": true,
            "attached_disk": [],
            "boot_disk": [
              {
                "auto_delete": true,
                "device_name": "persistent-disk-0",
                "disk_encryption_key_raw": "",
                "disk_encryption_key_sha256": "",
                "initialize_params": [
                  {
                    "image": "https://www.googleapis.com/compute/v1/projects/rhel-cloud/global/images/rhel-8-v20220519",
                    "labels": {},
                    "size": 20,
                    "type": "pd-standard"
                  }
                ],
                "kms_key_self_link": "",
                "mode": "READ_WRITE",
                "source": "https://www.googleapis.com/compute/v1/projects/learn-cloud-1989/zones/us-central1-a/disks/srv-nexus-man"
              }
            ],
            "can_ip_forward": true,
            "confidential_instance_config": [],
            "cpu_platform": "Unknown CPU Platform",
            "current_status": "TERMINATED",
            "deletion_protection": false,
            "description": "",
            "desired_status": null,
            "enable_display": false,
            "guest_accelerator": [],
            "hostname": "",
            "id": "projects/learn-cloud-1989/zones/us-central1-a/instances/srv-nexus-man",
            "instance_id": "3551386405844085019",
            "label_fingerprint": "tWGliddkcAw=",
            "labels": {
              "dept": "account"
            },
            "machine_type": "e2-standard-4",
            "metadata": {
              "block-project-ssh-keys": "true",
              "enable-oslogin": "TRUE"
            },
            "metadata_fingerprint": "whVHPngty_A=",
            "metadata_startup_script": "#! /bin/bash\nsudo su\nsudo yum update -y\nsudo yum install wget -y\nsudo yum install java-1.8.0-openjdk-devel -y\nsudo yum install java-1.8.0-openjdk.x86_64 -y\ncd /opt\nsudo wget http://download.sonatype.com/nexus/3/nexus-3.23.0-03-unix.tar.gz\nsudo tar -xvf nexus-3.23.0-03-unix.tar.gz\nmkdir nexus\nsudo mv nexus-3.23.0-03 nexus\nsudo adduser nexus\n\n\nsudo chown -R nexus:nexus /opt/nexus\nsudo chown -R nexus:nexus /opt/sonatype-work\n#sudo vi /opt/nexus/bin/nexus.rc\n#mkdir /opt/nexus/bin/\ncat \u003e /opt/nexus/nexus-3.23.0-03/bin/nexus.rc \u003c\u003c EOF\nrun_as_user=\"nexus\"\nEOF\n#mv nexus.rc /opt/nexus/bin/\ncat \u003e /opt/nexus/nexus-3.23.0-03/bin/nexus.vmoptions \u003c\u003c EOF\n-Xms512m\n-Xmx512m\n-XX:MaxDirectMemorySize=512m\n-XX:+UnlockDiagnosticVMOptions\n-XX:+UnsyncloadClass\n-XX:+LogVMOutput\n-XX:LogFile=../sonatype-work/nexus3/log/jvm.log\n-XX:-OmitStackTraceInFastThrow\n-Djava.net.preferIPv4Stack=true\n-Dkaraf.home=.\n-Dkaraf.base=.\n-Dkaraf.etc=etc/karaf\n-Djava.util.logging.config.file=etc/karaf/java.util.logging.properties\n-Dkaraf.data=/nexus/nexus-data\n-Djava.io.tmpdir=../sonatype-work/nexus3/tmp\n-Dkaraf.startLocalConsole=false\n#\n# additional vmoptions needed for Java9+\n#\n# --add-reads=java.xml=java.logging\n# --add-exports=java.base/org.apache.karaf.specs.locator=java.xml,ALL-UNNAMED\n# --patch-module=java.base=lib/endorsed/org.apache.karaf.specs.locator-4.2.6.jar\n# --patch-module=java.xml=lib/endorsed/org.apache.karaf.specs.java.xml-4.2.6.jar\n# --add-opens=java.base/java.security=ALL-UNNAMED\n# --add-opens=java.base/java.net=ALL-UNNAMED\n# --add-opens=java.base/java.lang=ALL-UNNAMED\n# --add-opens=java.base/java.util=ALL-UNNAMED\n# --add-opens=java.naming/javax.naming.spi=ALL-UNNAMED\n# --add-opens=java.rmi/sun.rmi.transport.tcp=ALL-UNNAMED\n# --add-exports=java.base/sun.net.www.protocol.http=ALL-UNNAMED\n# --add-exports=java.base/sun.net.www.protocol.https=ALL-UNNAMED\n# --add-exports=java.base/sun.net.www.protocol.jar=ALL-UNNAMED\n# --add-exports=jdk.xml.dom/org.w3c.dom.html=ALL-UNNAMED\n# --add-exports=jdk.naming.rmi/com.sun.jndi.url.rmi=ALL-UNNAMED\n#\n# comment out this vmoption when using Java9+\n#\n-Djava.endorsed.dirs=lib/endorsed\nEOF\n#mv nexus.vmoptions /opt/nexus/bin/\n\ncat \u003e /etc/systemd/system/nexus.service \u003c\u003c EOF\n[Unit]\nDescription=nexus service\nAfter=network.target\n[Service]\nType=forking\nLimitNOFILE=65536\nUser=nexus\nGroup=nexus\nExecStart=/opt/nexus/bin/nexus start\nExecStop=/opt/nexus/bin/nexus stop\nUser=nexus\nRestart=on-abort\n[Install]\nWantedBy=multi-user.target\nEOF\n#mv nexus.service /etc/systemd/system/\nsudo ln -s /opt/nexus/nexus-3.23.0-03/bin/nexus /etc/init.d/nexus\nsudo chkconfig --add nexus\nsudo chkconfig --levels 345 nexus on\n#chown -R nexus:nexus /opt/nexus\n#sudo service nexus start\n\n#systemctl enable nexus\nsystemctl start nexus\nsystemctl status nexus",
            "min_cpu_platform": "",
            "name": "srv-nexus-man",
            "network_interface": [
              {
                "access_config": [],
                "alias_ip_range": [],
                "name": "nic0",
                "network": "https://www.googleapis.com/compute/v1/projects/learn-cloud-1989/global/networks/learn-cloud-1989-vpc1",
                "network_ip": "10.10.160.4",
                "subnetwork": "https://www.googleapis.com/compute/v1/projects/learn-cloud-1989/regions/us-central1/subnetworks/us-central1-subnet-1",
                "subnetwork_project": "learn-cloud-1989"
              }
            ],
            "project": "learn-cloud-1989",
            "resource_policies": [],
            "scheduling": [
              {
                "automatic_restart": false,
                "node_affinities": [],
                "on_host_maintenance": "TERMINATE",
                "preemptible": true
              }
            ],
            "scratch_disk": [],
            "self_link": "https://www.googleapis.com/compute/v1/projects/learn-cloud-1989/zones/us-central1-a/instances/srv-nexus-man",
            "service_account": [
              {
                "email": "1028362908888-compute@developer.gserviceaccount.com",
                "scopes": [
                  "https://www.googleapis.com/auth/cloud-platform"
                ]
              }
            ],
            "shielded_instance_config": [
              {
                "enable_integrity_monitoring": true,
                "enable_secure_boot": false,
                "enable_vtpm": true
              }
            ],
            "tags": [
              "testsrv"
            ],
            "tags_fingerprint": "YeW1PoDQU7g=",
            "timeouts": null,
            "zone": "us-central1-a"
          },
          "sensitive_attributes": [],
          "private": "eyJlMmJmYjczMC1lY2FhLTExZTYtOGY4OC0zNDM2M2JjN2M0YzAiOnsiY3JlYXRlIjoxMjAwMDAwMDAwMDAwLCJkZWxldGUiOjEyMDAwMDAwMDAwMDAsInVwZGF0ZSI6MTIwMDAwMDAwMDAwMH0sInNjaGVtYV92ZXJzaW9uIjoiNiJ9",
          "dependencies": [
            "google_compute_network.learn-cloud-1989-vpc1",
            "google_compute_subnetwork.us-central1-subnet-1"
          ]
        }
      ]
    },
    {
      "mode": "managed",
      "type": "google_compute_instance",
      "name": "srv-squid",
      "provider": "provider[\"registry.terraform.io/hashicorp/google\"]",
      "instances": [
        {
          "schema_version": 6,
          "attributes": {
            "allow_stopping_for_update": true,
            "attached_disk": [],
            "boot_disk": [
              {
                "auto_delete": true,
                "device_name": "persistent-disk-0",
                "disk_encryption_key_raw": "",
                "disk_encryption_key_sha256": "",
                "initialize_params": [
                  {
                    "image": "https://www.googleapis.com/compute/v1/projects/rhel-cloud/global/images/rhel-8-v20220519",
                    "labels": {},
                    "size": 20,
                    "type": "pd-standard"
                  }
                ],
                "kms_key_self_link": "",
                "mode": "READ_WRITE",
                "source": "https://www.googleapis.com/compute/v1/projects/learn-cloud-1989/zones/asia-south1-a/disks/srv-squid"
              }
            ],
            "can_ip_forward": true,
            "confidential_instance_config": [],
            "cpu_platform": "Unknown CPU Platform",
            "current_status": "TERMINATED",
            "deletion_protection": false,
            "description": "",
            "desired_status": null,
            "enable_display": false,
            "guest_accelerator": [],
            "hostname": "",
            "id": "projects/learn-cloud-1989/zones/asia-south1-a/instances/srv-squid",
            "instance_id": "514220971335147876",
            "label_fingerprint": "tWGliddkcAw=",
            "labels": {
              "dept": "account"
            },
            "machine_type": "e2-standard-4",
            "metadata": {
              "block-project-ssh-keys": "true",
              "enable-oslogin": "TRUE"
            },
            "metadata_fingerprint": "RZPZjX9h2SA=",
            "metadata_startup_script": "#! /bin/bash\nsudo yum update -y\nsudo yum -y install epel-release\nsudo yum -y update\nsudo yum clean all\nsudo yum -y install squid\nsudo systemctl start squid\nsudo systemctl enable squid\nsudo systemctl status squid\n\n\n#restart squid service after reconfigure\n#sudo squid -k reconfigure",
            "min_cpu_platform": "",
            "name": "srv-squid",
            "network_interface": [
              {
                "access_config": [],
                "alias_ip_range": [],
                "name": "nic0",
                "network": "https://www.googleapis.com/compute/v1/projects/learn-cloud-1989/global/networks/learn-cloud-1989-vpc2",
                "network_ip": "10.11.160.2",
                "subnetwork": "https://www.googleapis.com/compute/v1/projects/learn-cloud-1989/regions/asia-south1/subnetworks/asia-south1-subnet-1",
                "subnetwork_project": "learn-cloud-1989"
              }
            ],
            "project": "learn-cloud-1989",
            "resource_policies": [],
            "scheduling": [
              {
                "automatic_restart": false,
                "node_affinities": [],
                "on_host_maintenance": "TERMINATE",
                "preemptible": true
              }
            ],
            "scratch_disk": [],
            "self_link": "https://www.googleapis.com/compute/v1/projects/learn-cloud-1989/zones/asia-south1-a/instances/srv-squid",
            "service_account": [
              {
                "email": "1028362908888-compute@developer.gserviceaccount.com",
                "scopes": [
                  "https://www.googleapis.com/auth/cloud-platform"
                ]
              }
            ],
            "shielded_instance_config": [
              {
                "enable_integrity_monitoring": true,
                "enable_secure_boot": false,
                "enable_vtpm": true
              }
            ],
            "tags": [
              "squidsrv"
            ],
            "tags_fingerprint": "nyyr5eBwacc=",
            "timeouts": null,
            "zone": "asia-south1-a"
          },
          "sensitive_attributes": [],
          "private": "eyJlMmJmYjczMC1lY2FhLTExZTYtOGY4OC0zNDM2M2JjN2M0YzAiOnsiY3JlYXRlIjoxMjAwMDAwMDAwMDAwLCJkZWxldGUiOjEyMDAwMDAwMDAwMDAsInVwZGF0ZSI6MTIwMDAwMDAwMDAwMH0sInNjaGVtYV92ZXJzaW9uIjoiNiJ9",
          "dependencies": [
            "google_compute_network.learn-cloud-1989-vpc2",
            "google_compute_subnetwork.asia-south1-subnet-1"
          ]
        }
      ]
    },
    {
      "mode": "managed",
      "type": "google_compute_instance",
      "name": "srv4-jenkins",
      "provider": "provider[\"registry.terraform.io/hashicorp/google\"]",
      "instances": [
        {
          "schema_version": 6,
          "attributes": {
            "allow_stopping_for_update": true,
            "attached_disk": [],
            "boot_disk": [
              {
                "auto_delete": true,
                "device_name": "persistent-disk-0",
                "disk_encryption_key_raw": "",
                "disk_encryption_key_sha256": "",
                "initialize_params": [
                  {
                    "image": "https://www.googleapis.com/compute/v1/projects/rhel-cloud/global/images/rhel-8-v20220519",
                    "labels": {},
                    "size": 20,
                    "type": "pd-standard"
                  }
                ],
                "kms_key_self_link": "",
                "mode": "READ_WRITE",
                "source": "https://www.googleapis.com/compute/v1/projects/learn-cloud-1989/zones/us-central1-a/disks/srv-jenkins"
              }
            ],
            "can_ip_forward": true,
            "confidential_instance_config": [],
            "cpu_platform": "Unknown CPU Platform",
            "current_status": "TERMINATED",
            "deletion_protection": false,
            "description": "",
            "desired_status": null,
            "enable_display": false,
            "guest_accelerator": [],
            "hostname": "",
            "id": "projects/learn-cloud-1989/zones/us-central1-a/instances/srv-jenkins",
            "instance_id": "3839274073670347032",
            "label_fingerprint": "tWGliddkcAw=",
            "labels": {
              "dept": "account"
            },
            "machine_type": "e2-standard-4",
            "metadata": {
              "block-project-ssh-keys": "true",
              "enable-oslogin": "TRUE"
            },
            "metadata_fingerprint": "TR77hkWG5BE=",
            "metadata_startup_script": "#! /bin/bash\nsudo su\nyum install java-11-openjdk-devel -y\n#update-alternatives --config java\nyum install wget -y\nwget -O /etc/yum.repos.d/jenkins.repo http://pkg.jenkins-ci.org/redhat-stable/jenkins.repo\nrpm --import https://pkg.jenkins.io/redhat-stable/jenkins.io.key\nyum repolist\nyum install jenkins -y\nfirewall-cmd --add-port=8080/tcp --permanent\nfirewall-cmd --reload\nsystemctl start service jenkins\n\nsudo yum install -y yum-utils\nsudo yum-config-manager --add-repo https://rpm.releases.hashicorp.com/RHEL/hashicorp.repo\nsudo yum -y install terraform",
            "min_cpu_platform": "",
            "name": "srv-jenkins",
            "network_interface": [
              {
                "access_config": [],
                "alias_ip_range": [],
                "name": "nic0",
                "network": "https://www.googleapis.com/compute/v1/projects/learn-cloud-1989/global/networks/learn-cloud-1989-vpc1",
                "network_ip": "10.10.160.5",
                "subnetwork": "https://www.googleapis.com/compute/v1/projects/learn-cloud-1989/regions/us-central1/subnetworks/us-central1-subnet-1",
                "subnetwork_project": "learn-cloud-1989"
              }
            ],
            "project": "learn-cloud-1989",
            "resource_policies": [],
            "scheduling": [
              {
                "automatic_restart": false,
                "node_affinities": [],
                "on_host_maintenance": "TERMINATE",
                "preemptible": true
              }
            ],
            "scratch_disk": [],
            "self_link": "https://www.googleapis.com/compute/v1/projects/learn-cloud-1989/zones/us-central1-a/instances/srv-jenkins",
            "service_account": [
              {
                "email": "1028362908888-compute@developer.gserviceaccount.com",
                "scopes": [
                  "https://www.googleapis.com/auth/cloud-platform"
                ]
              }
            ],
            "shielded_instance_config": [
              {
                "enable_integrity_monitoring": true,
                "enable_secure_boot": false,
                "enable_vtpm": true
              }
            ],
            "tags": [
              "testsrv"
            ],
            "tags_fingerprint": "YeW1PoDQU7g=",
            "timeouts": null,
            "zone": "us-central1-a"
          },
          "sensitive_attributes": [],
          "private": "eyJlMmJmYjczMC1lY2FhLTExZTYtOGY4OC0zNDM2M2JjN2M0YzAiOnsiY3JlYXRlIjoxMjAwMDAwMDAwMDAwLCJkZWxldGUiOjEyMDAwMDAwMDAwMDAsInVwZGF0ZSI6MTIwMDAwMDAwMDAwMH0sInNjaGVtYV92ZXJzaW9uIjoiNiJ9",
          "dependencies": [
            "google_compute_network.learn-cloud-1989-vpc1",
            "google_compute_subnetwork.us-central1-subnet-1"
          ]
        }
      ]
    },
    {
      "mode": "managed",
      "type": "google_compute_network",
      "name": "learn-cloud-1989-vpc1",
      "provider": "provider[\"registry.terraform.io/hashicorp/google\"]",
      "instances": [
        {
          "schema_version": 0,
          "attributes": {
            "auto_create_subnetworks": false,
            "delete_default_routes_on_create": false,
            "description": "Dev VPC",
            "gateway_ipv4": "",
            "id": "projects/learn-cloud-1989/global/networks/learn-cloud-1989-vpc1",
            "mtu": 0,
            "name": "learn-cloud-1989-vpc1",
            "project": "learn-cloud-1989",
            "routing_mode": "REGIONAL",
            "self_link": "https://www.googleapis.com/compute/v1/projects/learn-cloud-1989/global/networks/learn-cloud-1989-vpc1",
            "timeouts": null
          },
          "sensitive_attributes": [],
          "private": "eyJlMmJmYjczMC1lY2FhLTExZTYtOGY4OC0zNDM2M2JjN2M0YzAiOnsiY3JlYXRlIjoyNDAwMDAwMDAwMDAsImRlbGV0ZSI6MjQwMDAwMDAwMDAwLCJ1cGRhdGUiOjI0MDAwMDAwMDAwMH19"
        }
      ]
    },
    {
      "mode": "managed",
      "type": "google_compute_network",
      "name": "learn-cloud-1989-vpc2",
      "provider": "provider[\"registry.terraform.io/hashicorp/google\"]",
      "instances": [
        {
          "schema_version": 0,
          "attributes": {
            "auto_create_subnetworks": false,
            "delete_default_routes_on_create": false,
            "description": "Dev VPC",
            "gateway_ipv4": "",
            "id": "projects/learn-cloud-1989/global/networks/learn-cloud-1989-vpc2",
            "mtu": 0,
            "name": "learn-cloud-1989-vpc2",
            "project": "learn-cloud-1989",
            "routing_mode": "REGIONAL",
            "self_link": "https://www.googleapis.com/compute/v1/projects/learn-cloud-1989/global/networks/learn-cloud-1989-vpc2",
            "timeouts": null
          },
          "sensitive_attributes": [],
          "private": "eyJlMmJmYjczMC1lY2FhLTExZTYtOGY4OC0zNDM2M2JjN2M0YzAiOnsiY3JlYXRlIjoyNDAwMDAwMDAwMDAsImRlbGV0ZSI6MjQwMDAwMDAwMDAwLCJ1cGRhdGUiOjI0MDAwMDAwMDAwMH19"
        }
      ]
    },
    {
      "mode": "managed",
      "type": "google_compute_network_peering",
      "name": "learn-cloud-1989-peering1",
      "provider": "provider[\"registry.terraform.io/hashicorp/google\"]",
      "instances": [
        {
          "schema_version": 0,
          "attributes": {
            "export_custom_routes": true,
            "export_subnet_routes_with_public_ip": true,
            "id": "learn-cloud-1989-vpc1/learn-cloud-1989-peering1",
            "import_custom_routes": true,
            "import_subnet_routes_with_public_ip": false,
            "name": "learn-cloud-1989-peering1",
            "network": "projects/learn-cloud-1989/global/networks/learn-cloud-1989-vpc1",
            "peer_network": "https://www.googleapis.com/compute/v1/projects/learn-cloud-1989/global/networks/learn-cloud-1989-vpc2",
            "state": "ACTIVE",
            "state_details": "[2022-07-15T04:03:23.848-07:00]: Connected.",
            "timeouts": null
          },
          "sensitive_attributes": [],
          "private": "eyJlMmJmYjczMC1lY2FhLTExZTYtOGY4OC0zNDM2M2JjN2M0YzAiOnsiY3JlYXRlIjoyNDAwMDAwMDAwMDAsImRlbGV0ZSI6MjQwMDAwMDAwMDAwLCJ1cGRhdGUiOjI0MDAwMDAwMDAwMH19",
          "dependencies": [
            "google_compute_network.learn-cloud-1989-vpc1",
            "google_compute_network.learn-cloud-1989-vpc2"
          ]
        }
      ]
    },
    {
      "mode": "managed",
      "type": "google_compute_network_peering",
      "name": "learn-cloud-1989-peering2",
      "provider": "provider[\"registry.terraform.io/hashicorp/google\"]",
      "instances": [
        {
          "schema_version": 0,
          "attributes": {
            "export_custom_routes": true,
            "export_subnet_routes_with_public_ip": true,
            "id": "learn-cloud-1989-vpc2/learn-cloud-1989-peering2",
            "import_custom_routes": true,
            "import_subnet_routes_with_public_ip": false,
            "name": "learn-cloud-1989-peering2",
            "network": "projects/learn-cloud-1989/global/networks/learn-cloud-1989-vpc2",
            "peer_network": "https://www.googleapis.com/compute/v1/projects/learn-cloud-1989/global/networks/learn-cloud-1989-vpc1",
            "state": "ACTIVE",
            "state_details": "[2022-07-15T04:03:03.780-07:00]: Connected.",
            "timeouts": null
          },
          "sensitive_attributes": [],
          "private": "eyJlMmJmYjczMC1lY2FhLTExZTYtOGY4OC0zNDM2M2JjN2M0YzAiOnsiY3JlYXRlIjoyNDAwMDAwMDAwMDAsImRlbGV0ZSI6MjQwMDAwMDAwMDAwLCJ1cGRhdGUiOjI0MDAwMDAwMDAwMH19",
          "dependencies": [
            "google_compute_network.learn-cloud-1989-vpc1",
            "google_compute_network.learn-cloud-1989-vpc2"
          ]
        }
      ]
    },
    {
      "mode": "managed",
      "type": "google_compute_router",
      "name": "us-central-router",
      "provider": "provider[\"registry.terraform.io/hashicorp/google\"]",
      "instances": [
        {
          "schema_version": 0,
          "attributes": {
            "bgp": [
              {
                "advertise_mode": "DEFAULT",
                "advertised_groups": [],
                "advertised_ip_ranges": [],
                "asn": 64514
              }
            ],
            "creation_timestamp": "2022-07-15T05:37:45.187-07:00",
            "description": "",
            "id": "projects/learn-cloud-1989/regions/asia-south1/routers/us-central-router",
            "name": "us-central-router",
            "network": "https://www.googleapis.com/compute/v1/projects/learn-cloud-1989/global/networks/learn-cloud-1989-vpc2",
            "project": "learn-cloud-1989",
            "region": "asia-south1",
            "self_link": "https://www.googleapis.com/compute/v1/projects/learn-cloud-1989/regions/asia-south1/routers/us-central-router",
            "timeouts": null
          },
          "sensitive_attributes": [],
          "private": "eyJlMmJmYjczMC1lY2FhLTExZTYtOGY4OC0zNDM2M2JjN2M0YzAiOnsiY3JlYXRlIjoyNDAwMDAwMDAwMDAsImRlbGV0ZSI6MjQwMDAwMDAwMDAwLCJ1cGRhdGUiOjI0MDAwMDAwMDAwMH19",
          "dependencies": [
            "google_compute_network.learn-cloud-1989-vpc2"
          ]
        }
      ]
    },
    {
      "mode": "managed",
      "type": "google_compute_subnetwork",
      "name": "asia-south1-subnet-1",
      "provider": "provider[\"registry.terraform.io/hashicorp/google\"]",
      "instances": [
        {
          "schema_version": 0,
          "attributes": {
            "creation_timestamp": "2022-07-15T04:03:02.135-07:00",
            "description": "",
            "fingerprint": null,
            "gateway_address": "10.11.160.1",
            "id": "projects/learn-cloud-1989/regions/asia-south1/subnetworks/asia-south1-subnet-1",
            "ip_cidr_range": "10.11.160.0/20",
            "log_config": [
              {
                "aggregation_interval": "INTERVAL_10_MIN",
                "filter_expr": "true",
                "flow_sampling": 0.5,
                "metadata": "INCLUDE_ALL_METADATA",
                "metadata_fields": []
              }
            ],
            "name": "asia-south1-subnet-1",
            "network": "https://www.googleapis.com/compute/v1/projects/learn-cloud-1989/global/networks/learn-cloud-1989-vpc2",
            "private_ip_google_access": true,
            "private_ipv6_google_access": "DISABLE_GOOGLE_ACCESS",
            "project": "learn-cloud-1989",
            "region": "asia-south1",
            "secondary_ip_range": [],
            "self_link": "https://www.googleapis.com/compute/v1/projects/learn-cloud-1989/regions/asia-south1/subnetworks/asia-south1-subnet-1",
            "timeouts": null
          },
          "sensitive_attributes": [],
          "private": "eyJlMmJmYjczMC1lY2FhLTExZTYtOGY4OC0zNDM2M2JjN2M0YzAiOnsiY3JlYXRlIjozNjAwMDAwMDAwMDAsImRlbGV0ZSI6MzYwMDAwMDAwMDAwLCJ1cGRhdGUiOjM2MDAwMDAwMDAwMH19",
          "dependencies": [
            "google_compute_network.learn-cloud-1989-vpc2"
          ]
        }
      ]
    },
    {
      "mode": "managed",
      "type": "google_compute_subnetwork",
      "name": "us-central1-subnet-1",
      "provider": "provider[\"registry.terraform.io/hashicorp/google\"]",
      "instances": [
        {
          "schema_version": 0,
          "attributes": {
            "creation_timestamp": "2022-07-15T04:02:48.514-07:00",
            "description": "",
            "fingerprint": null,
            "gateway_address": "10.10.160.1",
            "id": "projects/learn-cloud-1989/regions/us-central1/subnetworks/us-central1-subnet-1",
            "ip_cidr_range": "10.10.160.0/20",
            "log_config": [
              {
                "aggregation_interval": "INTERVAL_10_MIN",
                "filter_expr": "true",
                "flow_sampling": 0.5,
                "metadata": "INCLUDE_ALL_METADATA",
                "metadata_fields": []
              }
            ],
            "name": "us-central1-subnet-1",
            "network": "https://www.googleapis.com/compute/v1/projects/learn-cloud-1989/global/networks/learn-cloud-1989-vpc1",
            "private_ip_google_access": true,
            "private_ipv6_google_access": "DISABLE_GOOGLE_ACCESS",
            "project": "learn-cloud-1989",
            "region": "us-central1",
            "secondary_ip_range": [],
            "self_link": "https://www.googleapis.com/compute/v1/projects/learn-cloud-1989/regions/us-central1/subnetworks/us-central1-subnet-1",
            "timeouts": null
          },
          "sensitive_attributes": [],
          "private": "eyJlMmJmYjczMC1lY2FhLTExZTYtOGY4OC0zNDM2M2JjN2M0YzAiOnsiY3JlYXRlIjozNjAwMDAwMDAwMDAsImRlbGV0ZSI6MzYwMDAwMDAwMDAwLCJ1cGRhdGUiOjM2MDAwMDAwMDAwMH19",
          "dependencies": [
            "google_compute_network.learn-cloud-1989-vpc1"
          ]
        }
      ]
    },
    {
      "mode": "managed",
      "type": "google_project_service",
      "name": "CloudAPI",
      "provider": "provider[\"registry.terraform.io/hashicorp/google\"]",
      "instances": [
        {
          "schema_version": 0,
          "attributes": {
            "disable_dependent_services": null,
            "disable_on_destroy": true,
            "id": "learn-cloud-1989/cloudapis.googleapis.com",
            "project": "learn-cloud-1989",
            "service": "cloudapis.googleapis.com",
            "timeouts": null
          },
          "sensitive_attributes": [],
          "private": "eyJlMmJmYjczMC1lY2FhLTExZTYtOGY4OC0zNDM2M2JjN2M0YzAiOnsiY3JlYXRlIjoxMjAwMDAwMDAwMDAwLCJkZWxldGUiOjEyMDAwMDAwMDAwMDAsInJlYWQiOjYwMDAwMDAwMDAwMCwidXBkYXRlIjoxMjAwMDAwMDAwMDAwfX0="
        }
      ]
    },
    {
      "mode": "managed",
      "type": "google_project_service",
      "name": "iap_service",
      "provider": "provider[\"registry.terraform.io/hashicorp/google\"]",
      "instances": [
        {
          "schema_version": 0,
          "attributes": {
            "disable_dependent_services": null,
            "disable_on_destroy": true,
            "id": "learn-cloud-1989/iap.googleapis.com",
            "project": "learn-cloud-1989",
            "service": "iap.googleapis.com",
            "timeouts": null
          },
          "sensitive_attributes": [],
          "private": "eyJlMmJmYjczMC1lY2FhLTExZTYtOGY4OC0zNDM2M2JjN2M0YzAiOnsiY3JlYXRlIjoxMjAwMDAwMDAwMDAwLCJkZWxldGUiOjEyMDAwMDAwMDAwMDAsInJlYWQiOjYwMDAwMDAwMDAwMCwidXBkYXRlIjoxMjAwMDAwMDAwMDAwfX0="
        }
      ]
    },
    {
      "mode": "managed",
      "type": "google_project_service",
      "name": "kubernetes_engine",
      "provider": "provider[\"registry.terraform.io/hashicorp/google\"]",
      "instances": [
        {
          "schema_version": 0,
          "attributes": {
            "disable_dependent_services": null,
            "disable_on_destroy": true,
            "id": "learn-cloud-1989/container.googleapis.com",
            "project": "learn-cloud-1989",
            "service": "container.googleapis.com",
            "timeouts": null
          },
          "sensitive_attributes": [],
          "private": "eyJlMmJmYjczMC1lY2FhLTExZTYtOGY4OC0zNDM2M2JjN2M0YzAiOnsiY3JlYXRlIjoxMjAwMDAwMDAwMDAwLCJkZWxldGUiOjEyMDAwMDAwMDAwMDAsInJlYWQiOjYwMDAwMDAwMDAwMCwidXBkYXRlIjoxMjAwMDAwMDAwMDAwfX0="
        }
      ]
    },
    {
      "mode": "managed",
      "type": "google_project_service",
      "name": "logging_service",
      "provider": "provider[\"registry.terraform.io/hashicorp/google\"]",
      "instances": [
        {
          "schema_version": 0,
          "attributes": {
            "disable_dependent_services": null,
            "disable_on_destroy": true,
            "id": "learn-cloud-1989/logging.googleapis.com",
            "project": "learn-cloud-1989",
            "service": "logging.googleapis.com",
            "timeouts": null
          },
          "sensitive_attributes": [],
          "private": "eyJlMmJmYjczMC1lY2FhLTExZTYtOGY4OC0zNDM2M2JjN2M0YzAiOnsiY3JlYXRlIjoxMjAwMDAwMDAwMDAwLCJkZWxldGUiOjEyMDAwMDAwMDAwMDAsInJlYWQiOjYwMDAwMDAwMDAwMCwidXBkYXRlIjoxMjAwMDAwMDAwMDAwfX0="
        }
      ]
    },
    {
      "mode": "managed",
      "type": "google_service_account",
      "name": "ansible",
      "provider": "provider[\"registry.terraform.io/hashicorp/google\"]",
      "instances": [
        {
          "schema_version": 0,
          "attributes": {
            "account_id": "ansible",
            "description": "",
            "display_name": "A service account that only use for cloud Learning",
            "email": "ansible@learn-cloud-1989.iam.gserviceaccount.com",
            "id": "projects/learn-cloud-1989/serviceAccounts/ansible@learn-cloud-1989.iam.gserviceaccount.com",
            "name": "projects/learn-cloud-1989/serviceAccounts/ansible@learn-cloud-1989.iam.gserviceaccount.com",
            "project": "learn-cloud-1989",
            "timeouts": null,
            "unique_id": "102434944621385862996"
          },
          "sensitive_attributes": [],
          "private": "eyJlMmJmYjczMC1lY2FhLTExZTYtOGY4OC0zNDM2M2JjN2M0YzAiOnsiY3JlYXRlIjozMDAwMDAwMDAwMDB9fQ=="
        }
      ]
    },
    {
      "mode": "managed",
      "type": "google_service_account",
      "name": "jenkins",
      "provider": "provider[\"registry.terraform.io/hashicorp/google\"]",
      "instances": [
        {
          "schema_version": 0,
          "attributes": {
            "account_id": "jenkins",
            "description": "",
            "display_name": "A service account that only use for cloud Learning",
            "email": "jenkins@learn-cloud-1989.iam.gserviceaccount.com",
            "id": "projects/learn-cloud-1989/serviceAccounts/jenkins@learn-cloud-1989.iam.gserviceaccount.com",
            "name": "projects/learn-cloud-1989/serviceAccounts/jenkins@learn-cloud-1989.iam.gserviceaccount.com",
            "project": "learn-cloud-1989",
            "timeouts": null,
            "unique_id": "104412821411847183827"
          },
          "sensitive_attributes": [],
          "private": "eyJlMmJmYjczMC1lY2FhLTExZTYtOGY4OC0zNDM2M2JjN2M0YzAiOnsiY3JlYXRlIjozMDAwMDAwMDAwMDB9fQ=="
        }
      ]
    },
    {
      "mode": "managed",
      "type": "google_service_account",
      "name": "service_account",
      "provider": "provider[\"registry.terraform.io/hashicorp/google\"]",
      "instances": [
        {
          "schema_version": 0,
          "attributes": {
            "account_id": "ansible-controller",
            "description": "",
            "display_name": "Service Account",
            "email": "ansible-controller@learn-cloud-1989.iam.gserviceaccount.com",
            "id": "projects/learn-cloud-1989/serviceAccounts/ansible-controller@learn-cloud-1989.iam.gserviceaccount.com",
            "name": "projects/learn-cloud-1989/serviceAccounts/ansible-controller@learn-cloud-1989.iam.gserviceaccount.com",
            "project": "learn-cloud-1989",
            "timeouts": null,
            "unique_id": "111565487433533991407"
          },
          "sensitive_attributes": [],
          "private": "eyJlMmJmYjczMC1lY2FhLTExZTYtOGY4OC0zNDM2M2JjN2M0YzAiOnsiY3JlYXRlIjozMDAwMDAwMDAwMDB9fQ=="
        }
      ]
    },
    {
      "mode": "managed",
      "type": "google_service_account",
      "name": "squid-proxy",
      "provider": "provider[\"registry.terraform.io/hashicorp/google\"]",
      "instances": [
        {
          "schema_version": 0,
          "attributes": {
            "account_id": "squid-proxy",
            "description": "",
            "display_name": "A service account that only use for cloud Learning",
            "email": "squid-proxy@learn-cloud-1989.iam.gserviceaccount.com",
            "id": "projects/learn-cloud-1989/serviceAccounts/squid-proxy@learn-cloud-1989.iam.gserviceaccount.com",
            "name": "projects/learn-cloud-1989/serviceAccounts/squid-proxy@learn-cloud-1989.iam.gserviceaccount.com",
            "project": "learn-cloud-1989",
            "timeouts": null,
            "unique_id": "107246093721823413047"
          },
          "sensitive_attributes": [],
          "private": "eyJlMmJmYjczMC1lY2FhLTExZTYtOGY4OC0zNDM2M2JjN2M0YzAiOnsiY3JlYXRlIjozMDAwMDAwMDAwMDB9fQ=="
        }
      ]
    },
    {
      "mode": "managed",
      "type": "google_storage_bucket",
      "name": "my-gcp-storage-bucket1",
      "provider": "provider[\"registry.terraform.io/hashicorp/google\"]",
      "instances": [
        {
          "schema_version": 0,
          "attributes": {
            "bucket_policy_only": true,
            "cors": [],
            "default_event_based_hold": false,
            "encryption": [],
            "force_destroy": false,
            "id": "my-gcp-storage-bucket1",
            "labels": {
              "dept": "testing",
              "env": "test"
            },
            "lifecycle_rule": [],
            "location": "US-CENTRAL1",
            "logging": [],
            "name": "my-gcp-storage-bucket1",
            "project": "learn-cloud-1989",
            "requester_pays": false,
            "retention_policy": [
              {
                "is_locked": false,
                "retention_period": 200000
              }
            ],
            "self_link": "https://www.googleapis.com/storage/v1/b/my-gcp-storage-bucket1",
            "storage_class": "Standard",
            "uniform_bucket_level_access": true,
            "url": "gs://my-gcp-storage-bucket1",
            "versioning": [],
            "website": []
          },
          "sensitive_attributes": [],
          "private": "bnVsbA=="
        }
      ]
    }
  ]
}
